dependencies:
- name: pca-observability
  repository: ""
  version: 0.1.0
- name: pca-guardrails
  repository: ""
  version: 0.1.0
- name: pca-semantic-router
  repository: ""
  version: 0.1.0
digest: sha256:7500eed0d58651f5595dc7baeb03c61308149ad958a6964820f27ca037d1510b
generated: "2026-08-20T17:44:38.733679208+03:00"
