{
  "version": 4,
  "terraform_version": "1.9.8",
  "serial": 11,
  "lineage": "9b884513-eedc-1875-9b3d-250d0d0c7528",
  "outputs": {
    "get_api_url_command": {
      "value": "az aro show --name aro-pca-aue --resource-group aro-pca-aue-rg --query apiserverProfile.url -o tsv",
      "type": "string"
    },
    "get_console_url_command": {
      "value": "az aro show --name aro-pca-aue --resource-group aro-pca-aue-rg --query consoleProfile.url -o tsv",
      "type": "string"
    },
    "get_credentials_command": {
      "value": "az aro list-credentials --name aro-pca-aue --resource-group aro-pca-aue-rg",
      "type": "string"
    },
    "resource_group_name": {
      "value": "aro-pca-aue-rg",
      "type": "string"
    },
    "vnet_id": {
      "value": "/subscriptions/4f696bb9-2a04-4131-9920-b9f7aca70567/resourceGroups/aro-pca-aue-rg/providers/Microsoft.Network/virtualNetworks/aro-pca-aue-vnet",
      "type": "string"
    }
  },
  "resources": [
    {
      "mode": "managed",
      "type": "azurerm_resource_group",
      "name": "aro",
      "provider": "provider[\"registry.terraform.io/hashicorp/azurerm\"]",
      "instances": [
        {
          "schema_version": 0,
          "attributes": {
            "id": "/subscriptions/4f696bb9-2a04-4131-9920-b9f7aca70567/resourceGroups/aro-pca-aue-rg",
            "location": "australiaeast",
            "managed_by": "",
            "name": "aro-pca-aue-rg",
            "tags": {
              "Environment": "dev",
              "ManagedBy": "terraform",
              "Project": "private-code-assistant",
              "app-code": "MOBB-001",
              "cost-center": "CC468",
              "service-phase": "sandbox"
            },
            "timeouts": null
          },
          "sensitive_attributes": [],
          "private": "eyJlMmJmYjczMC1lY2FhLTExZTYtOGY4OC0zNDM2M2JjN2M0YzAiOnsiY3JlYXRlIjo1NDAwMDAwMDAwMDAwLCJkZWxldGUiOjU0MDAwMDAwMDAwMDAsInJlYWQiOjMwMDAwMDAwMDAwMCwidXBkYXRlIjo1NDAwMDAwMDAwMDAwfX0="
        }
      ]
    },
    {
      "mode": "managed",
      "type": "azurerm_subnet",
      "name": "master",
      "provider": "provider[\"registry.terraform.io/hashicorp/azurerm\"]",
      "instances": [
        {
          "schema_version": 0,
          "attributes": {
            "address_prefixes": [
              "10.0.0.0/23"
            ],
            "default_outbound_access_enabled": true,
            "delegation": [],
            "id": "/subscriptions/4f696bb9-2a04-4131-9920-b9f7aca70567/resourceGroups/aro-pca-aue-rg/providers/Microsoft.Network/virtualNetworks/aro-pca-aue-vnet/subnets/aro-pca-aue-master-subnet",
            "ip_address_pool": [],
            "name": "aro-pca-aue-master-subnet",
            "private_endpoint_network_policies": "Disabled",
            "private_link_service_network_policies_enabled": false,
            "resource_group_name": "aro-pca-aue-rg",
            "service_endpoint_policy_ids": [],
            "service_endpoints": [
              "Microsoft.ContainerRegistry"
            ],
            "sharing_scope": "",
            "timeouts": null,
            "virtual_network_name": "aro-pca-aue-vnet"
          },
          "sensitive_attributes": [],
          "private": "eyJlMmJmYjczMC1lY2FhLTExZTYtOGY4OC0zNDM2M2JjN2M0YzAiOnsiY3JlYXRlIjoxODAwMDAwMDAwMDAwLCJkZWxldGUiOjE4MDAwMDAwMDAwMDAsInJlYWQiOjMwMDAwMDAwMDAwMCwidXBkYXRlIjoxODAwMDAwMDAwMDAwfX0=",
          "dependencies": [
            "azurerm_resource_group.aro",
            "azurerm_virtual_network.aro"
          ]
        }
      ]
    },
    {
      "mode": "managed",
      "type": "azurerm_subnet",
      "name": "worker",
      "provider": "provider[\"registry.terraform.io/hashicorp/azurerm\"]",
      "instances": [
        {
          "schema_version": 0,
          "attributes": {
            "address_prefixes": [
              "10.0.2.0/23"
            ],
            "default_outbound_access_enabled": true,
            "delegation": [],
            "id": "/subscriptions/4f696bb9-2a04-4131-9920-b9f7aca70567/resourceGroups/aro-pca-aue-rg/providers/Microsoft.Network/virtualNetworks/aro-pca-aue-vnet/subnets/aro-pca-aue-worker-subnet",
            "ip_address_pool": [],
            "name": "aro-pca-aue-worker-subnet",
            "private_endpoint_network_policies": "Disabled",
            "private_link_service_network_policies_enabled": true,
            "resource_group_name": "aro-pca-aue-rg",
            "service_endpoint_policy_ids": [],
            "service_endpoints": [
              "Microsoft.ContainerRegistry"
            ],
            "sharing_scope": "",
            "timeouts": null,
            "virtual_network_name": "aro-pca-aue-vnet"
          },
          "sensitive_attributes": [],
          "private": "eyJlMmJmYjczMC1lY2FhLTExZTYtOGY4OC0zNDM2M2JjN2M0YzAiOnsiY3JlYXRlIjoxODAwMDAwMDAwMDAwLCJkZWxldGUiOjE4MDAwMDAwMDAwMDAsInJlYWQiOjMwMDAwMDAwMDAwMCwidXBkYXRlIjoxODAwMDAwMDAwMDAwfX0=",
          "dependencies": [
            "azurerm_resource_group.aro",
            "azurerm_virtual_network.aro"
          ]
        }
      ]
    },
    {
      "mode": "managed",
      "type": "azurerm_virtual_network",
      "name": "aro",
      "provider": "provider[\"registry.terraform.io/hashicorp/azurerm\"]",
      "instances": [
        {
          "schema_version": 0,
          "attributes": {
            "address_space": [
              "10.0.0.0/8"
            ],
            "bgp_community": "",
            "ddos_protection_plan": [],
            "dns_servers": [],
            "edge_zone": "",
            "encryption": [],
            "flow_timeout_in_minutes": 0,
            "guid": "33e573aa-bd73-4db7-9022-2a2784a613ad",
            "id": "/subscriptions/4f696bb9-2a04-4131-9920-b9f7aca70567/resourceGroups/aro-pca-aue-rg/providers/Microsoft.Network/virtualNetworks/aro-pca-aue-vnet",
            "ip_address_pool": [],
            "location": "australiaeast",
            "name": "aro-pca-aue-vnet",
            "private_endpoint_vnet_policies": "Disabled",
            "resource_group_name": "aro-pca-aue-rg",
            "subnet": [
              {
                "address_prefixes": [
                  "10.0.0.0/23"
                ],
                "default_outbound_access_enabled": true,
                "delegation": [],
                "id": "/subscriptions/4f696bb9-2a04-4131-9920-b9f7aca70567/resourceGroups/aro-pca-aue-rg/providers/Microsoft.Network/virtualNetworks/aro-pca-aue-vnet/subnets/aro-pca-aue-master-subnet",
                "name": "aro-pca-aue-master-subnet",
                "private_endpoint_network_policies": "Disabled",
                "private_link_service_network_policies_enabled": false,
                "route_table_id": "",
                "security_group": "",
                "service_endpoint_policy_ids": [],
                "service_endpoints": [
                  "Microsoft.ContainerRegistry"
                ]
              },
              {
                "address_prefixes": [
                  "10.0.2.0/23"
                ],
                "default_outbound_access_enabled": true,
                "delegation": [],
                "id": "/subscriptions/4f696bb9-2a04-4131-9920-b9f7aca70567/resourceGroups/aro-pca-aue-rg/providers/Microsoft.Network/virtualNetworks/aro-pca-aue-vnet/subnets/aro-pca-aue-worker-subnet",
                "name": "aro-pca-aue-worker-subnet",
                "private_endpoint_network_policies": "Disabled",
                "private_link_service_network_policies_enabled": true,
                "route_table_id": "",
                "security_group": "",
                "service_endpoint_policy_ids": [],
                "service_endpoints": [
                  "Microsoft.ContainerRegistry"
                ]
              }
            ],
            "tags": {
              "Environment": "dev",
              "ManagedBy": "terraform",
              "Project": "private-code-assistant",
              "app-code": "MOBB-001",
              "cost-center": "CC468"
            },
            "timeouts": null
          },
          "sensitive_attributes": [],
          "private": "eyJlMmJmYjczMC1lY2FhLTExZTYtOGY4OC0zNDM2M2JjN2M0YzAiOnsiY3JlYXRlIjoxODAwMDAwMDAwMDAwLCJkZWxldGUiOjE4MDAwMDAwMDAwMDAsInJlYWQiOjMwMDAwMDAwMDAwMCwidXBkYXRlIjoxODAwMDAwMDAwMDAwfX0=",
          "dependencies": [
            "azurerm_resource_group.aro"
          ]
        }
      ]
    },
    {
      "mode": "managed",
      "type": "null_resource",
      "name": "aro_create",
      "provider": "provider[\"registry.terraform.io/hashicorp/null\"]",
      "instances": [
        {
          "status": "tainted",
          "schema_version": 0,
          "attributes": {
            "id": "5869575458352966605",
            "triggers": {
              "cluster_name": "aro-pca-aue",
              "rg_name": "aro-pca-aue-rg",
              "version": "4.20.15",
              "vnet_name": "aro-pca-aue-vnet"
            }
          },
          "sensitive_attributes": [],
          "dependencies": [
            "azurerm_resource_group.aro",
            "azurerm_subnet.master",
            "azurerm_subnet.worker",
            "azurerm_virtual_network.aro"
          ]
        }
      ]
    }
  ],
  "check_results": [
    {
      "object_kind": "var",
      "config_addr": "var.cluster_name",
      "status": "pass",
      "objects": [
        {
          "object_addr": "var.cluster_name",
          "status": "pass"
        }
      ]
    }
  ]
}
